
Microsoft Visual Studio Solution File, Format Version 12.00
# Visual Studio 15
VisualStudioVersion = 15.0.28307.572
MinimumVisualStudioVersion = 10.0.40219.1
Project("{FAE04EC0-301F-11D3-BF4B-00C04F79EFBC}") = "KickerBooking", "KickerBooking\KickerBooking.csproj", "{64351528-3250-4F71-A812-990953D04D30}"
EndProject
Global
	GlobalSection(SolutionConfigurationPlatforms) = preSolution
		Debug|Any CPU = Debug|Any CPU
		Release|Any CPU = Release|Any CPU
	EndGlobalSection
	GlobalSection(ProjectConfigurationPlatforms) = postSolution
		{64351528-3250-4F71-A812-990953D04D30}.Debug|Any CPU.ActiveCfg = Debug|Any CPU
		{64351528-3250-4F71-A812-990953D04D30}.Debug|Any CPU.Build.0 = Debug|Any CPU
		{64351528-3250-4F71-A812-990953D04D30}.Release|Any CPU.ActiveCfg = Release|Any CPU
		{64351528-3250-4F71-A812-990953D04D30}.Release|Any CPU.Build.0 = Release|Any CPU
	EndGlobalSection
	GlobalSection(SolutionProperties) = preSolution
		HideSolutionNode = FALSE
	EndGlobalSection
	GlobalSection(ExtensibilityGlobals) = postSolution
		SolutionGuid = {992859E8-C413-4743-BA42-2C1ED6DD1664}
	EndGlobalSection
EndGlobal
